
Microsoft Visual Studio Solution File, Format Version 12.00
# Visual Studio Version 16
VisualStudioVersion = 16.0.31624.102
MinimumVisualStudioVersion = 10.0.40219.1
Project("{FAE04EC0-301F-11D3-BF4B-00C04F79EFBC}") = "KALKLACKA2", "KALKLACKA2\KALKLACKA2.csproj", "{8103EFEE-D66F-4085-90F7-24812938E520}"
EndProject
Global
	GlobalSection(SolutionConfigurationPlatforms) = preSolution
		Debug|Any CPU = Debug|Any CPU
		Release|Any CPU = Release|Any CPU
	EndGlobalSection
	GlobalSection(ProjectConfigurationPlatforms) = postSolution
		{8103EFEE-D66F-4085-90F7-24812938E520}.Debug|Any CPU.ActiveCfg = Debug|Any CPU
		{8103EFEE-D66F-4085-90F7-24812938E520}.Debug|Any CPU.Build.0 = Debug|Any CPU
		{8103EFEE-D66F-4085-90F7-24812938E520}.Release|Any CPU.ActiveCfg = Release|Any CPU
		{8103EFEE-D66F-4085-90F7-24812938E520}.Release|Any CPU.Build.0 = Release|Any CPU
	EndGlobalSection
	GlobalSection(SolutionProperties) = preSolution
		HideSolutionNode = FALSE
	EndGlobalSection
	GlobalSection(ExtensibilityGlobals) = postSolution
		SolutionGuid = {E7E0589C-749A-44AC-816D-DA1E26CB80A2}
	EndGlobalSection
EndGlobal
